
Microsoft Visual Studio Solution File, Format Version 12.00
# Visual Studio Version 17
VisualStudioVersion = 17.8.34511.84
MinimumVisualStudioVersion = 10.0.40219.1
Project("{FAE04EC0-301F-11D3-BF4B-00C04F79EFBC}") = "Chess", "Chess\Chess.csproj", "{63ABD536-B97A-44EB-9BC3-082A8AC8F953}"
EndProject
Global
	GlobalSection(SolutionConfigurationPlatforms) = preSolution
		Debug|Any CPU = Debug|Any CPU
		Release|Any CPU = Release|Any CPU
	EndGlobalSection
	GlobalSection(ProjectConfigurationPlatforms) = postSolution
		{63ABD536-B97A-44EB-9BC3-082A8AC8F953}.Debug|Any CPU.ActiveCfg = Debug|Any CPU
		{63ABD536-B97A-44EB-9BC3-082A8AC8F953}.Debug|Any CPU.Build.0 = Debug|Any CPU
		{63ABD536-B97A-44EB-9BC3-082A8AC8F953}.Release|Any CPU.ActiveCfg = Release|Any CPU
		{63ABD536-B97A-44EB-9BC3-082A8AC8F953}.Release|Any CPU.Build.0 = Release|Any CPU
	EndGlobalSection
	GlobalSection(SolutionProperties) = preSolution
		HideSolutionNode = FALSE
	EndGlobalSection
	GlobalSection(ExtensibilityGlobals) = postSolution
		SolutionGuid = {6AAA2BA6-8EB3-46AE-BB5B-3E1A0F4CC8C2}
	EndGlobalSection
EndGlobal
